
Microsoft Visual Studio Solution File, Format Version 12.00
# Visual Studio Version 17
VisualStudioVersion = 17.3.32825.248
MinimumVisualStudioVersion = 10.0.40219.1
Project("{9A19103F-16F7-4668-BE54-9A1E7A4F7556}") = "lesson4api", "lesson4api\lesson4api.csproj", "{78653954-2DA4-4B28-B1EF-5F5C343626A3}"
EndProject
Project("{9A19103F-16F7-4668-BE54-9A1E7A4F7556}") = "Til_Model", "Til_Model\Til_Model.csproj", "{36705311-AEFB-4BA7-B021-CC761FFBF452}"
EndProject
Project("{9A19103F-16F7-4668-BE54-9A1E7A4F7556}") = "Til_Service", "Til_Service\Til_Service.csproj", "{0A39DFEB-DB7D-4220-B688-2FBD6227A304}"
EndProject
Global
	GlobalSection(SolutionConfigurationPlatforms) = preSolution
		Debug|Any CPU = Debug|Any CPU
		Release|Any CPU = Release|Any CPU
	EndGlobalSection
	GlobalSection(ProjectConfigurationPlatforms) = postSolution
		{78653954-2DA4-4B28-B1EF-5F5C343626A3}.Debug|Any CPU.ActiveCfg = Debug|Any CPU
		{78653954-2DA4-4B28-B1EF-5F5C343626A3}.Debug|Any CPU.Build.0 = Debug|Any CPU
		{78653954-2DA4-4B28-B1EF-5F5C343626A3}.Release|Any CPU.ActiveCfg = Release|Any CPU
		{78653954-2DA4-4B28-B1EF-5F5C343626A3}.Release|Any CPU.Build.0 = Release|Any CPU
		{36705311-AEFB-4BA7-B021-CC761FFBF452}.Debug|Any CPU.ActiveCfg = Debug|Any CPU
		{36705311-AEFB-4BA7-B021-CC761FFBF452}.Debug|Any CPU.Build.0 = Debug|Any CPU
		{36705311-AEFB-4BA7-B021-CC761FFBF452}.Release|Any CPU.ActiveCfg = Release|Any CPU
		{36705311-AEFB-4BA7-B021-CC761FFBF452}.Release|Any CPU.Build.0 = Release|Any CPU
		{0A39DFEB-DB7D-4220-B688-2FBD6227A304}.Debug|Any CPU.ActiveCfg = Debug|Any CPU
		{0A39DFEB-DB7D-4220-B688-2FBD6227A304}.Debug|Any CPU.Build.0 = Debug|Any CPU
		{0A39DFEB-DB7D-4220-B688-2FBD6227A304}.Release|Any CPU.ActiveCfg = Release|Any CPU
		{0A39DFEB-DB7D-4220-B688-2FBD6227A304}.Release|Any CPU.Build.0 = Release|Any CPU
	EndGlobalSection
	GlobalSection(SolutionProperties) = preSolution
		HideSolutionNode = FALSE
	EndGlobalSection
	GlobalSection(ExtensibilityGlobals) = postSolution
		SolutionGuid = {77DBE4F9-923C-4D30-9FB8-2DF509D67E62}
	EndGlobalSection
EndGlobal
